
Microsoft Visual Studio Solution File, Format Version 12.00
# Visual Studio Version 17
VisualStudioVersion = 17.10.35201.131
MinimumVisualStudioVersion = 10.0.40219.1
Project("{9A19103F-16F7-4668-BE54-9A1E7A4F7556}") = "MethodsExercise", "..\MethodsExercise.csproj", "{5FEC00F1-B23D-4DED-9349-40F4D68506BA}"
EndProject
Global
	GlobalSection(SolutionConfigurationPlatforms) = preSolution
		Debug|Any CPU = Debug|Any CPU
		Release|Any CPU = Release|Any CPU
	EndGlobalSection
	GlobalSection(ProjectConfigurationPlatforms) = postSolution
		{5FEC00F1-B23D-4DED-9349-40F4D68506BA}.Debug|Any CPU.ActiveCfg = Debug|Any CPU
		{5FEC00F1-B23D-4DED-9349-40F4D68506BA}.Debug|Any CPU.Build.0 = Debug|Any CPU
		{5FEC00F1-B23D-4DED-9349-40F4D68506BA}.Release|Any CPU.ActiveCfg = Release|Any CPU
		{5FEC00F1-B23D-4DED-9349-40F4D68506BA}.Release|Any CPU.Build.0 = Release|Any CPU
	EndGlobalSection
	GlobalSection(SolutionProperties) = preSolution
		HideSolutionNode = FALSE
	EndGlobalSection
	GlobalSection(ExtensibilityGlobals) = postSolution
		SolutionGuid = {B5FF7385-11F1-4DE8-80CA-433E55F4C9A4}
	EndGlobalSection
EndGlobal
