
Microsoft Visual Studio Solution File, Format Version 12.00
# Visual Studio Version 17
VisualStudioVersion = 17.10.35201.131
MinimumVisualStudioVersion = 10.0.40219.1
Project("{9A19103F-16F7-4668-BE54-9A1E7A4F7556}") = "MethodsExercise2", "MethodsExercise2.csproj", "{01914D81-1F61-4734-B804-740320CE57D2}"
EndProject
Global
	GlobalSection(SolutionConfigurationPlatforms) = preSolution
		Debug|Any CPU = Debug|Any CPU
		Release|Any CPU = Release|Any CPU
	EndGlobalSection
	GlobalSection(ProjectConfigurationPlatforms) = postSolution
		{01914D81-1F61-4734-B804-740320CE57D2}.Debug|Any CPU.ActiveCfg = Debug|Any CPU
		{01914D81-1F61-4734-B804-740320CE57D2}.Debug|Any CPU.Build.0 = Debug|Any CPU
		{01914D81-1F61-4734-B804-740320CE57D2}.Release|Any CPU.ActiveCfg = Release|Any CPU
		{01914D81-1F61-4734-B804-740320CE57D2}.Release|Any CPU.Build.0 = Release|Any CPU
	EndGlobalSection
	GlobalSection(SolutionProperties) = preSolution
		HideSolutionNode = FALSE
	EndGlobalSection
	GlobalSection(ExtensibilityGlobals) = postSolution
		SolutionGuid = {D39DB532-9E90-4110-9069-65150C68EDB5}
	EndGlobalSection
EndGlobal
